
Microsoft Visual Studio Solution File, Format Version 12.00
# Visual Studio Version 16
VisualStudioVersion = 16.0.31515.178
MinimumVisualStudioVersion = 10.0.40219.1
Project("{9A19103F-16F7-4668-BE54-9A1E7A4F7556}") = "EcommerceDemo.Service", "..\EcommerceDemo.Service\EcommerceDemo.Service.csproj", "{F561C149-0F83-414E-973A-642606668DD5}"
EndProject
Project("{9A19103F-16F7-4668-BE54-9A1E7A4F7556}") = "EcommerceDemo.Data", "..\EcommerceDemo.Data\EcommerceDemo.Data.csproj", "{B941DF10-E8A8-4E54-B57B-3149E200DB4D}"
EndProject
Project("{9A19103F-16F7-4668-BE54-9A1E7A4F7556}") = "Core.Common", "..\Core.Common\Core.Common.csproj", "{7B4D1B7F-1EDC-4B39-86D6-4BD6845CABFC}"
EndProject
Project("{9A19103F-16F7-4668-BE54-9A1E7A4F7556}") = "EcommerceDemo.Web", "..\EcommerceDemo.Web\EcommerceDemo.Web.csproj", "{62AE8ABB-3886-4EED-8251-6A4F26D47593}"
EndProject
Project("{9A19103F-16F7-4668-BE54-9A1E7A4F7556}") = "EcommerceDemo.Model", "..\EcommerceDemo.Model\EcommerceDemo.Model.csproj", "{C1C89E7F-8CE8-4466-BAC6-A1D4C714C7BD}"
EndProject
Project("{FAE04EC0-301F-11D3-BF4B-00C04F79EFBC}") = "EcommerceDemo.Business", "..\EcommerceDemo.Business\EcommerceDemo.Business.csproj", "{DE5F8144-2431-4022-BEDA-9C6AA93767BF}"
EndProject
Global
	GlobalSection(SolutionConfigurationPlatforms) = preSolution
		Debug|Any CPU = Debug|Any CPU
		Release|Any CPU = Release|Any CPU
	EndGlobalSection
	GlobalSection(ProjectConfigurationPlatforms) = postSolution
		{F561C149-0F83-414E-973A-642606668DD5}.Debug|Any CPU.ActiveCfg = Debug|Any CPU
		{F561C149-0F83-414E-973A-642606668DD5}.Debug|Any CPU.Build.0 = Debug|Any CPU
		{F561C149-0F83-414E-973A-642606668DD5}.Release|Any CPU.ActiveCfg = Release|Any CPU
		{F561C149-0F83-414E-973A-642606668DD5}.Release|Any CPU.Build.0 = Release|Any CPU
		{B941DF10-E8A8-4E54-B57B-3149E200DB4D}.Debug|Any CPU.ActiveCfg = Debug|Any CPU
		{B941DF10-E8A8-4E54-B57B-3149E200DB4D}.Debug|Any CPU.Build.0 = Debug|Any CPU
		{B941DF10-E8A8-4E54-B57B-3149E200DB4D}.Release|Any CPU.ActiveCfg = Release|Any CPU
		{B941DF10-E8A8-4E54-B57B-3149E200DB4D}.Release|Any CPU.Build.0 = Release|Any CPU
		{7B4D1B7F-1EDC-4B39-86D6-4BD6845CABFC}.Debug|Any CPU.ActiveCfg = Debug|Any CPU
		{7B4D1B7F-1EDC-4B39-86D6-4BD6845CABFC}.Debug|Any CPU.Build.0 = Debug|Any CPU
		{7B4D1B7F-1EDC-4B39-86D6-4BD6845CABFC}.Release|Any CPU.ActiveCfg = Release|Any CPU
		{7B4D1B7F-1EDC-4B39-86D6-4BD6845CABFC}.Release|Any CPU.Build.0 = Release|Any CPU
		{62AE8ABB-3886-4EED-8251-6A4F26D47593}.Debug|Any CPU.ActiveCfg = Debug|Any CPU
		{62AE8ABB-3886-4EED-8251-6A4F26D47593}.Debug|Any CPU.Build.0 = Debug|Any CPU
		{62AE8ABB-3886-4EED-8251-6A4F26D47593}.Release|Any CPU.ActiveCfg = Release|Any CPU
		{62AE8ABB-3886-4EED-8251-6A4F26D47593}.Release|Any CPU.Build.0 = Release|Any CPU
		{C1C89E7F-8CE8-4466-BAC6-A1D4C714C7BD}.Debug|Any CPU.ActiveCfg = Debug|Any CPU
		{C1C89E7F-8CE8-4466-BAC6-A1D4C714C7BD}.Debug|Any CPU.Build.0 = Debug|Any CPU
		{C1C89E7F-8CE8-4466-BAC6-A1D4C714C7BD}.Release|Any CPU.ActiveCfg = Release|Any CPU
		{C1C89E7F-8CE8-4466-BAC6-A1D4C714C7BD}.Release|Any CPU.Build.0 = Release|Any CPU
		{DE5F8144-2431-4022-BEDA-9C6AA93767BF}.Debug|Any CPU.ActiveCfg = Debug|Any CPU
		{DE5F8144-2431-4022-BEDA-9C6AA93767BF}.Debug|Any CPU.Build.0 = Debug|Any CPU
		{DE5F8144-2431-4022-BEDA-9C6AA93767BF}.Release|Any CPU.ActiveCfg = Release|Any CPU
		{DE5F8144-2431-4022-BEDA-9C6AA93767BF}.Release|Any CPU.Build.0 = Release|Any CPU
	EndGlobalSection
	GlobalSection(SolutionProperties) = preSolution
		HideSolutionNode = FALSE
	EndGlobalSection
	GlobalSection(ExtensibilityGlobals) = postSolution
		SolutionGuid = {D413A6BB-C216-4D25-BF14-7E947F98A22F}
	EndGlobalSection
EndGlobal
